
Microsoft Visual Studio Solution File, Format Version 12.00
# Visual Studio Version 17
VisualStudioVersion = 17.0.31808.319
MinimumVisualStudioVersion = 10.0.40219.1
Project("{9A19103F-16F7-4668-BE54-9A1E7A4F7556}") = "SpreadSheetTasks", "SpreadSheetTasks\SpreadSheetTasks.csproj", "{403EE89F-17AF-49BD-8F39-BC4E949953BC}"
EndProject
Project("{9A19103F-16F7-4668-BE54-9A1E7A4F7556}") = "Benchmark", "Benchmark\Benchmark.csproj", "{C928668B-F4A8-4993-92AD-CFDC913E08B3}"
EndProject
Project("{9A19103F-16F7-4668-BE54-9A1E7A4F7556}") = "CsvReader", "CsvReaderTest\CsvReader.csproj", "{8A56B293-C627-49E6-9558-ADB733254504}"
EndProject
Global
	GlobalSection(SolutionConfigurationPlatforms) = preSolution
		Debug|Any CPU = Debug|Any CPU
		Release|Any CPU = Release|Any CPU
	EndGlobalSection
	GlobalSection(ProjectConfigurationPlatforms) = postSolution
		{403EE89F-17AF-49BD-8F39-BC4E949953BC}.Debug|Any CPU.ActiveCfg = Debug|Any CPU
		{403EE89F-17AF-49BD-8F39-BC4E949953BC}.Debug|Any CPU.Build.0 = Debug|Any CPU
		{403EE89F-17AF-49BD-8F39-BC4E949953BC}.Release|Any CPU.ActiveCfg = Release|Any CPU
		{403EE89F-17AF-49BD-8F39-BC4E949953BC}.Release|Any CPU.Build.0 = Release|Any CPU
		{C928668B-F4A8-4993-92AD-CFDC913E08B3}.Debug|Any CPU.ActiveCfg = Debug|Any CPU
		{C928668B-F4A8-4993-92AD-CFDC913E08B3}.Debug|Any CPU.Build.0 = Debug|Any CPU
		{C928668B-F4A8-4993-92AD-CFDC913E08B3}.Release|Any CPU.ActiveCfg = Release|Any CPU
		{C928668B-F4A8-4993-92AD-CFDC913E08B3}.Release|Any CPU.Build.0 = Release|Any CPU
		{8A56B293-C627-49E6-9558-ADB733254504}.Debug|Any CPU.ActiveCfg = Debug|Any CPU
		{8A56B293-C627-49E6-9558-ADB733254504}.Debug|Any CPU.Build.0 = Debug|Any CPU
		{8A56B293-C627-49E6-9558-ADB733254504}.Release|Any CPU.ActiveCfg = Release|Any CPU
		{8A56B293-C627-49E6-9558-ADB733254504}.Release|Any CPU.Build.0 = Release|Any CPU
	EndGlobalSection
	GlobalSection(SolutionProperties) = preSolution
		HideSolutionNode = FALSE
	EndGlobalSection
	GlobalSection(ExtensibilityGlobals) = postSolution
		SolutionGuid = {C0AF266B-060F-4516-9FF3-846A15CDACB1}
	EndGlobalSection
EndGlobal
